// !$*UTF8*$!
{
	archiveVersion = 1;
	classes = {
	};
	objectVersion = 46;
	objects = {

/* Begin PBXBuildFile section */
		52412AC41CA61C9F0073C4BE /* AppDelegate.swift in Sources */ = {isa = PBXBuildFile; fileRef = 52412AC31CA61C9F0073C4BE /* AppDelegate.swift */; };
		52412AC61CA61C9F0073C4BE /* ViewController.swift in Sources */ = {isa = PBXBuildFile; fileRef = 52412AC51CA61C9F0073C4BE /* ViewController.swift */; };
		52412AC91CA61C9F0073C4BE /* Main.storyboard in Resources */ = {isa = PBXBuildFile; fileRef = 52412AC71CA61C9F0073C4BE /* Main.storyboard */; };
		52412ACB1CA61C9F0073C4BE /* Assets.xcassets in Resources */ = {isa = PBXBuildFile; fileRef = 52412ACA1CA61C9F0073C4BE /* Assets.xcassets */; };
		52412ACE1CA61C9F0073C4BE /* LaunchScreen.storyboard in Resources */ = {isa = PBXBuildFile; fileRef = 52412ACC1CA61C9F0073C4BE /* LaunchScreen.storyboard */; };
		D77CA2991CBBDEB300C4BAC4 /* Assets.xcassets in Resources */ = {isa = PBXBuildFile; fileRef = D77CA28E1CBBDEB300C4BAC4 /* Assets.xcassets */; };
		D77CA29A1CBBDEB300C4BAC4 /* FSAlbumView.swift in Sources */ = {isa = PBXBuildFile; fileRef = D77CA28F1CBBDEB300C4BAC4 /* FSAlbumView.swift */; };
		D77CA29B1CBBDEB300C4BAC4 /* FSAlbumView.xib in Resources */ = {isa = PBXBuildFile; fileRef = D77CA2901CBBDEB300C4BAC4 /* FSAlbumView.xib */; };
		D77CA29C1CBBDEB300C4BAC4 /* FSAlbumViewCell.swift in Sources */ = {isa = PBXBuildFile; fileRef = D77CA2911CBBDEB300C4BAC4 /* FSAlbumViewCell.swift */; };
		D77CA29D1CBBDEB300C4BAC4 /* FSAlbumViewCell.xib in Resources */ = {isa = PBXBuildFile; fileRef = D77CA2921CBBDEB300C4BAC4 /* FSAlbumViewCell.xib */; };
		D77CA29E1CBBDEB300C4BAC4 /* FSCameraView.swift in Sources */ = {isa = PBXBuildFile; fileRef = D77CA2931CBBDEB300C4BAC4 /* FSCameraView.swift */; };
		D77CA29F1CBBDEB300C4BAC4 /* FSCameraView.xib in Resources */ = {isa = PBXBuildFile; fileRef = D77CA2941CBBDEB300C4BAC4 /* FSCameraView.xib */; };
		D77CA2A01CBBDEB300C4BAC4 /* FSConstants.swift in Sources */ = {isa = PBXBuildFile; fileRef = D77CA2951CBBDEB300C4BAC4 /* FSConstants.swift */; };
		D77CA2A11CBBDEB300C4BAC4 /* FSImageCropView.swift in Sources */ = {isa = PBXBuildFile; fileRef = D77CA2961CBBDEB300C4BAC4 /* FSImageCropView.swift */; };
		D77CA2A21CBBDEB300C4BAC4 /* FusumaViewController.swift in Sources */ = {isa = PBXBuildFile; fileRef = D77CA2971CBBDEB300C4BAC4 /* FusumaViewController.swift */; };
		D77CA2A31CBBDEB300C4BAC4 /* FusumaViewController.xib in Resources */ = {isa = PBXBuildFile; fileRef = D77CA2981CBBDEB300C4BAC4 /* FusumaViewController.xib */; };
		EDDC0B421D04FA14009135DB /* FSVideoCameraView.swift in Sources */ = {isa = PBXBuildFile; fileRef = EDDC0B401D04FA14009135DB /* FSVideoCameraView.swift */; };
		EDDC0B431D04FA14009135DB /* FSVideoCameraView.xib in Resources */ = {isa = PBXBuildFile; fileRef = EDDC0B411D04FA14009135DB /* FSVideoCameraView.xib */; };
/* End PBXBuildFile section */

/* Begin PBXFileReference section */
		52412AC01CA61C9F0073C4BE /* FusumaExample.app */ = {isa = PBXFileReference; explicitFileType = wrapper.application; includeInIndex = 0; path = FusumaExample.app; sourceTree = BUILT_PRODUCTS_DIR; };
		52412AC31CA61C9F0073C4BE /* AppDelegate.swift */ = {isa = PBXFileReference; lastKnownFileType = sourcecode.swift; path = AppDelegate.swift; sourceTree = "<group>"; };
		52412AC51CA61C9F0073C4BE /* ViewController.swift */ = {isa = PBXFileReference; lastKnownFileType = sourcecode.swift; path = ViewController.swift; sourceTree = "<group>"; };
		52412AC81CA61C9F0073C4BE /* Base */ = {isa = PBXFileReference; lastKnownFileType = file.storyboard; name = Base; path = Base.lproj/Main.storyboard; sourceTree = "<group>"; };
		52412ACA1CA61C9F0073C4BE /* Assets.xcassets */ = {isa = PBXFileReference; lastKnownFileType = folder.assetcatalog; path = Assets.xcassets; sourceTree = "<group>"; };
		52412ACD1CA61C9F0073C4BE /* Base */ = {isa = PBXFileReference; lastKnownFileType = file.storyboard; name = Base; path = Base.lproj/LaunchScreen.storyboard; sourceTree = "<group>"; };
		52412ACF1CA61C9F0073C4BE /* Info.plist */ = {isa = PBXFileReference; lastKnownFileType = text.plist.xml; path = Info.plist; sourceTree = "<group>"; };
		D77CA28E1CBBDEB300C4BAC4 /* Assets.xcassets */ = {isa = PBXFileReference; lastKnownFileType = folder.assetcatalog; path = Assets.xcassets; sourceTree = "<group>"; };
		D77CA28F1CBBDEB300C4BAC4 /* FSAlbumView.swift */ = {isa = PBXFileReference; fileEncoding = 4; lastKnownFileType = sourcecode.swift; path = FSAlbumView.swift; sourceTree = "<group>"; };
		D77CA2901CBBDEB300C4BAC4 /* FSAlbumView.xib */ = {isa = PBXFileReference; fileEncoding = 4; lastKnownFileType = file.xib; path = FSAlbumView.xib; sourceTree = "<group>"; };
		D77CA2911CBBDEB300C4BAC4 /* FSAlbumViewCell.swift */ = {isa = PBXFileReference; fileEncoding = 4; lastKnownFileType = sourcecode.swift; path = FSAlbumViewCell.swift; sourceTree = "<group>"; };
		D77CA2921CBBDEB300C4BAC4 /* FSAlbumViewCell.xib */ = {isa = PBXFileReference; fileEncoding = 4; lastKnownFileType = file.xib; path = FSAlbumViewCell.xib; sourceTree = "<group>"; };
		D77CA2931CBBDEB300C4BAC4 /* FSCameraView.swift */ = {isa = PBXFileReference; fileEncoding = 4; lastKnownFileType = sourcecode.swift; path = FSCameraView.swift; sourceTree = "<group>"; };
		D77CA2941CBBDEB300C4BAC4 /* FSCameraView.xib */ = {isa = PBXFileReference; fileEncoding = 4; lastKnownFileType = file.xib; path = FSCameraView.xib; sourceTree = "<group>"; };
		D77CA2951CBBDEB300C4BAC4 /* FSConstants.swift */ = {isa = PBXFileReference; fileEncoding = 4; lastKnownFileType = sourcecode.swift; path = FSConstants.swift; sourceTree = "<group>"; };
		D77CA2961CBBDEB300C4BAC4 /* FSImageCropView.swift */ = {isa = PBXFileReference; fileEncoding = 4; lastKnownFileType = sourcecode.swift; path = FSImageCropView.swift; sourceTree = "<group>"; };
		D77CA2971CBBDEB300C4BAC4 /* FusumaViewController.swift */ = {isa = PBXFileReference; fileEncoding = 4; lastKnownFileType = sourcecode.swift; path = FusumaViewController.swift; sourceTree = "<group>"; };
		D77CA2981CBBDEB300C4BAC4 /* FusumaViewController.xib */ = {isa = PBXFileReference; fileEncoding = 4; lastKnownFileType = file.xib; path = FusumaViewController.xib; sourceTree = "<group>"; };
		EDDC0B401D04FA14009135DB /* FSVideoCameraView.swift */ = {isa = PBXFileReference; fileEncoding = 4; lastKnownFileType = sourcecode.swift; path = FSVideoCameraView.swift; sourceTree = "<group>"; };
		EDDC0B411D04FA14009135DB /* FSVideoCameraView.xib */ = {isa = PBXFileReference; fileEncoding = 4; lastKnownFileType = file.xib; path = FSVideoCameraView.xib; sourceTree = "<group>"; };
/* End PBXFileReference section */

/* Begin PBXFrameworksBuildPhase section */
		52412ABD1CA61C9F0073C4BE /* Frameworks */ = {
			isa = PBXFrameworksBuildPhase;
			buildActionMask = 2147483647;
			files = (
			);
			runOnlyForDeploymentPostprocessing = 0;
		};
/* End PBXFrameworksBuildPhase section */

/* Begin PBXGroup section */
		52412AB71CA61C9F0073C4BE = {
			isa = PBXGroup;
			children = (
				52412AC21CA61C9F0073C4BE /* FusumaExample */,
				52412AC11CA61C9F0073C4BE /* Products */,
			);
			sourceTree = "<group>";
		};
		52412AC11CA61C9F0073C4BE /* Products */ = {
			isa = PBXGroup;
			children = (
				52412AC01CA61C9F0073C4BE /* FusumaExample.app */,
			);
			name = Products;
			sourceTree = "<group>";
		};
		52412AC21CA61C9F0073C4BE /* FusumaExample */ = {
			isa = PBXGroup;
			children = (
				D77CA28D1CBBDEB300C4BAC4 /* Sources */,
				52412AC31CA61C9F0073C4BE /* AppDelegate.swift */,
				52412AC51CA61C9F0073C4BE /* ViewController.swift */,
				52412AC71CA61C9F0073C4BE /* Main.storyboard */,
				52412ACA1CA61C9F0073C4BE /* Assets.xcassets */,
				52412ACC1CA61C9F0073C4BE /* LaunchScreen.storyboard */,
				52412ACF1CA61C9F0073C4BE /* Info.plist */,
			);
			path = FusumaExample;
			sourceTree = "<group>";
		};
		D77CA28D1CBBDEB300C4BAC4 /* Sources */ = {
			isa = PBXGroup;
			children = (
				D77CA28E1CBBDEB300C4BAC4 /* Assets.xcassets */,
				D77CA28F1CBBDEB300C4BAC4 /* FSAlbumView.swift */,
				D77CA2901CBBDEB300C4BAC4 /* FSAlbumView.xib */,
				D77CA2911CBBDEB300C4BAC4 /* FSAlbumViewCell.swift */,
				D77CA2921CBBDEB300C4BAC4 /* FSAlbumViewCell.xib */,
				D77CA2931CBBDEB300C4BAC4 /* FSCameraView.swift */,
				D77CA2941CBBDEB300C4BAC4 /* FSCameraView.xib */,
				D77CA2951CBBDEB300C4BAC4 /* FSConstants.swift */,
				D77CA2961CBBDEB300C4BAC4 /* FSImageCropView.swift */,
				D77CA2971CBBDEB300C4BAC4 /* FusumaViewController.swift */,
				D77CA2981CBBDEB300C4BAC4 /* FusumaViewController.xib */,
				EDDC0B401D04FA14009135DB /* FSVideoCameraView.swift */,
				EDDC0B411D04FA14009135DB /* FSVideoCameraView.xib */,
			);
			name = Sources;
			path = ../../Sources;
			sourceTree = "<group>";
		};
/* End PBXGroup section */

/* Begin PBXNativeTarget section */
		52412ABF1CA61C9F0073C4BE /* FusumaExample */ = {
			isa = PBXNativeTarget;
			buildConfigurationList = 52412AD21CA61C9F0073C4BE /* Build configuration list for PBXNativeTarget "FusumaExample" */;
			buildPhases = (
				52412ABC1CA61C9F0073C4BE /* Sources */,
				52412ABD1CA61C9F0073C4BE /* Frameworks */,
				52412ABE1CA61C9F0073C4BE /* Resources */,
			);
			buildRules = (
			);
			dependencies = (
			);
			name = FusumaExample;
			productName = FusumaExample;
			productReference = 52412AC01CA61C9F0073C4BE /* FusumaExample.app */;
			productType = "com.apple.product-type.application";
		};
/* End PBXNativeTarget section */

/* Begin PBXProject section */
		52412AB81CA61C9F0073C4BE /* Project object */ = {
			isa = PBXProject;
			attributes = {
				LastSwiftUpdateCheck = 0730;
				LastUpgradeCheck = 0900;
				ORGANIZATIONNAME = ytakzk;
				TargetAttributes = {
					52412ABF1CA61C9F0073C4BE = {
						CreatedOnToolsVersion = 7.3;
					};
				};
			};
			buildConfigurationList = 52412ABB1CA61C9F0073C4BE /* Build configuration list for PBXProject "FusumaExample" */;
			compatibilityVersion = "Xcode 3.2";
			developmentRegion = English;
			hasScannedForEncodings = 0;
			knownRegions = (
				en,
				Base,
			);
			mainGroup = 52412AB71CA61C9F0073C4BE;
			productRefGroup = 52412AC11CA61C9F0073C4BE /* Products */;
			projectDirPath = "";
			projectRoot = "";
			targets = (
				52412ABF1CA61C9F0073C4BE /* FusumaExample */,
			);
		};
/* End PBXProject section */

/* Begin PBXResourcesBuildPhase section */
		52412ABE1CA61C9F0073C4BE /* Resources */ = {
			isa = PBXResourcesBuildPhase;
			buildActionMask = 2147483647;
			files = (
				EDDC0B431D04FA14009135DB /* FSVideoCameraView.xib in Resources */,
				D77CA29B1CBBDEB300C4BAC4 /* FSAlbumView.xib in Resources */,
				D77CA2A31CBBDEB300C4BAC4 /* FusumaViewController.xib in Resources */,
				52412ACE1CA61C9F0073C4BE /* LaunchScreen.storyboard in Resources */,
				D77CA29F1CBBDEB300C4BAC4 /* FSCameraView.xib in Resources */,
				52412ACB1CA61C9F0073C4BE /* Assets.xcassets in Resources */,
				D77CA29D1CBBDEB300C4BAC4 /* FSAlbumViewCell.xib in Resources */,
				D77CA2991CBBDEB300C4BAC4 /* Assets.xcassets in Resources */,
				52412AC91CA61C9F0073C4BE /* Main.storyboard in Resources */,
			);
			runOnlyForDeploymentPostprocessing = 0;
		};
/* End PBXResourcesBuildPhase section */

/* Begin PBXSourcesBuildPhase section */
		52412ABC1CA61C9F0073C4BE /* Sources */ = {
			isa = PBXSourcesBuildPhase;
			buildActionMask = 2147483647;
			files = (
				52412AC61CA61C9F0073C4BE /* ViewController.swift in Sources */,
				EDDC0B421D04FA14009135DB /* FSVideoCameraView.swift in Sources */,
				D77CA29E1CBBDEB300C4BAC4 /* FSCameraView.swift in Sources */,
				D77CA29C1CBBDEB300C4BAC4 /* FSAlbumViewCell.swift in Sources */,
				D77CA29A1CBBDEB300C4BAC4 /* FSAlbumView.swift in Sources */,
				D77CA2A01CBBDEB300C4BAC4 /* FSConstants.swift in Sources */,
				D77CA2A21CBBDEB300C4BAC4 /* FusumaViewController.swift in Sources */,
				52412AC41CA61C9F0073C4BE /* AppDelegate.swift in Sources */,
				D77CA2A11CBBDEB300C4BAC4 /* FSImageCropView.swift in Sources */,
			);
			runOnlyForDeploymentPostprocessing = 0;
		};
/* End PBXSourcesBuildPhase section */

/* Begin PBXVariantGroup section */
		52412AC71CA61C9F0073C4BE /* Main.storyboard */ = {
			isa = PBXVariantGroup;
			children = (
				52412AC81CA61C9F0073C4BE /* Base */,
			);
			name = Main.storyboard;
			sourceTree = "<group>";
		};
		52412ACC1CA61C9F0073C4BE /* LaunchScreen.storyboard */ = {
			isa = PBXVariantGroup;
			children = (
				52412ACD1CA61C9F0073C4BE /* Base */,
			);
			name = LaunchScreen.storyboard;
			sourceTree = "<group>";
		};
/* End PBXVariantGroup section */

/* Begin XCBuildConfiguration section */
		52412AD01CA61C9F0073C4BE /* Debug */ = {
			isa = XCBuildConfiguration;
			buildSettings = {
				ALWAYS_SEARCH_USER_PATHS = NO;
				CLANG_ANALYZER_NONNULL = YES;
				CLANG_CXX_LANGUAGE_STANDARD = "gnu++0x";
				CLANG_CXX_LIBRARY = "libc++";
				CLANG_ENABLE_MODULES = YES;
				CLANG_ENABLE_OBJC_ARC = YES;
				CLANG_WARN_BLOCK_CAPTURE_AUTORELEASING = YES;
				CLANG_WARN_BOOL_CONVERSION = YES;
				CLANG_WARN_COMMA = YES;
				CLANG_WARN_CONSTANT_CONVERSION = YES;
				CLANG_WARN_DIRECT_OBJC_ISA_USAGE = YES_ERROR;
				CLANG_WARN_EMPTY_BODY = YES;
				CLANG_WARN_ENUM_CONVERSION = YES;
				CLANG_WARN_INFINITE_RECURSION = YES;
				CLANG_WARN_INT_CONVERSION = YES;
				CLANG_WARN_NON_LITERAL_NULL_CONVERSION = YES;
				CLANG_WARN_OBJC_LITERAL_CONVERSION = YES;
				CLANG_WARN_OBJC_ROOT_CLASS = YES_ERROR;
				CLANG_WARN_RANGE_LOOP_ANALYSIS = YES;
				CLANG_WARN_STRICT_PROTOTYPES = YES;
				CLANG_WARN_SUSPICIOUS_MOVE = YES;
				CLANG_WARN_UNREACHABLE_CODE = YES;
				CLANG_WARN__DUPLICATE_METHOD_MATCH = YES;
				"CODE_SIGN_IDENTITY[sdk=iphoneos*]" = "iPhone Developer";
				COPY_PHASE_STRIP = NO;
				DEBUG_INFORMATION_FORMAT = dwarf;
				ENABLE_STRICT_OBJC_MSGSEND = YES;
				ENABLE_TESTABILITY = YES;
				GCC_C_LANGUAGE_STANDARD = gnu99;
				GCC_DYNAMIC_NO_PIC = NO;
				GCC_NO_COMMON_BLOCKS = YES;
				GCC_OPTIMIZATION_LEVEL = 0;
				GCC_PREPROCESSOR_DEFINITIONS = (
					"DEBUG=1",
					"$(inherited)",
				);
				GCC_WARN_64_TO_32_BIT_CONVERSION = YES;
				GCC_WARN_ABOUT_RETURN_TYPE = YES_ERROR;
				GCC_WARN_UNDECLARED_SELECTOR = YES;
				GCC_WARN_UNINITIALIZED_AUTOS = YES_AGGRESSIVE;
				GCC_WARN_UNUSED_FUNCTION = YES;
				GCC_WARN_UNUSED_VARIABLE = YES;
				IPHONEOS_DEPLOYMENT_TARGET = 8.0;
				MTL_ENABLE_DEBUG_INFO = YES;
				ONLY_ACTIVE_ARCH = YES;
				SDKROOT = iphoneos;
				SWIFT_OPTIMIZATION_LEVEL = "-Onone";
				SWIFT_VERSION = 3.0;
				TARGETED_DEVICE_FAMILY = "1,2";
			};
			name = Debug;
		};
		52412AD11CA61C9F0073C4BE /* Release */ = {
			isa = XCBuildConfiguration;
			buildSettings = {
				ALWAYS_SEARCH_USER_PATHS = NO;
				CLANG_ANALYZER_NONNULL = YES;
				CLANG_CXX_LANGUAGE_STANDARD = "gnu++0x";
				CLANG_CXX_LIBRARY = "libc++";
				CLANG_ENABLE_MODULES = YES;
				CLANG_ENABLE_OBJC_ARC = YES;
				CLANG_WARN_BLOCK_CAPTURE_AUTORELEASING = YES;
				CLANG_WARN_BOOL_CONVERSION = YES;
				CLANG_WARN_COMMA = YES;
				CLANG_WARN_CONSTANT_CONVERSION = YES;
				CLANG_WARN_DIRECT_OBJC_ISA_USAGE = YES_ERROR;
				CLANG_WARN_EMPTY_BODY = YES;
				CLANG_WARN_ENUM_CONVERSION = YES;
				CLANG_WARN_INFINITE_RECURSION = YES;
				CLANG_WARN_INT_CONVERSION = YES;
				CLANG_WARN_NON_LITERAL_NULL_CONVERSION = YES;
				CLANG_WARN_OBJC_LITERAL_CONVERSION = YES;
				CLANG_WARN_OBJC_ROOT_CLASS = YES_ERROR;
				CLANG_WARN_RANGE_LOOP_ANALYSIS = YES;
				CLANG_WARN_STRICT_PROTOTYPES = YES;
				CLANG_WARN_SUSPICIOUS_MOVE = YES;
				CLANG_WARN_UNREACHABLE_CODE = YES;
				CLANG_WARN__DUPLICATE_METHOD_MATCH = YES;
				"CODE_SIGN_IDENTITY[sdk=iphoneos*]" = "iPhone Developer";
				COPY_PHASE_STRIP = NO;
				DEBUG_INFORMATION_FORMAT = "dwarf-with-dsym";
				ENABLE_NS_ASSERTIONS = NO;
				ENABLE_STRICT_OBJC_MSGSEND = YES;
				GCC_C_LANGUAGE_STANDARD = gnu99;
				GCC_NO_COMMON_BLOCKS = YES;
				GCC_WARN_64_TO_32_BIT_CONVERSION = YES;
				GCC_WARN_ABOUT_RETURN_TYPE = YES_ERROR;
				GCC_WARN_UNDECLARED_SELECTOR = YES;
				GCC_WARN_UNINITIALIZED_AUTOS = YES_AGGRESSIVE;
				GCC_WARN_UNUSED_FUNCTION = YES;
				GCC_WARN_UNUSED_VARIABLE = YES;
				IPHONEOS_DEPLOYMENT_TARGET = 8.0;
				MTL_ENABLE_DEBUG_INFO = NO;
				SDKROOT = iphoneos;
				SWIFT_OPTIMIZATION_LEVEL = "-Owholemodule";
				SWIFT_VERSION = 3.0;
				TARGETED_DEVICE_FAMILY = "1,2";
				VALIDATE_PRODUCT = YES;
			};
			name = Release;
		};
		52412AD31CA61C9F0073C4BE /* Debug */ = {
			isa = XCBuildConfiguration;
			buildSettings = {
				ASSETCATALOG_COMPILER_APPICON_NAME = AppIcon;
				DEVELOPMENT_TEAM = "";
				INFOPLIST_FILE = FusumaExample/Info.plist;
				LD_RUNPATH_SEARCH_PATHS = "$(inherited) @executable_path/Frameworks";
				ONLY_ACTIVE_ARCH = YES;
				PRODUCT_BUNDLE_IDENTIFIER = me.ytakzk.FusumaExample;
				PRODUCT_NAME = "$(TARGET_NAME)";
				SWIFT_VERSION = 3.0;
			};
			name = Debug;
		};
		52412AD41CA61C9F0073C4BE /* Release */ = {
			isa = XCBuildConfiguration;
			buildSettings = {
				ASSETCATALOG_COMPILER_APPICON_NAME = AppIcon;
				DEVELOPMENT_TEAM = "";
				INFOPLIST_FILE = FusumaExample/Info.plist;
				LD_RUNPATH_SEARCH_PATHS = "$(inherited) @executable_path/Frameworks";
				PRODUCT_BUNDLE_IDENTIFIER = me.ytakzk.FusumaExample;
				PRODUCT_NAME = "$(TARGET_NAME)";
				SWIFT_VERSION = 3.0;
			};
			name = Release;
		};
/* End XCBuildConfiguration section */

/* Begin XCConfigurationList section */
		52412ABB1CA61C9F0073C4BE /* Build configuration list for PBXProject "FusumaExample" */ = {
			isa = XCConfigurationList;
			buildConfigurations = (
				52412AD01CA61C9F0073C4BE /* Debug */,
				52412AD11CA61C9F0073C4BE /* Release */,
			);
			defaultConfigurationIsVisible = 0;
			defaultConfigurationName = Release;
		};
		52412AD21CA61C9F0073C4BE /* Build configuration list for PBXNativeTarget "FusumaExample" */ = {
			isa = XCConfigurationList;
			buildConfigurations = (
				52412AD31CA61C9F0073C4BE /* Debug */,
				52412AD41CA61C9F0073C4BE /* Release */,
			);
			defaultConfigurationIsVisible = 0;
			defaultConfigurationName = Release;
		};
/* End XCConfigurationList section */
	};
	rootObject = 52412AB81CA61C9F0073C4BE /* Project object */;
}
